
Microsoft Visual Studio Solution File, Format Version 12.00
# Visual Studio Version 17
VisualStudioVersion = 17.3.32929.385
MinimumVisualStudioVersion = 10.0.40219.1
Project("{FAE04EC0-301F-11D3-BF4B-00C04F79EFBC}") = "Stack Implementation", "Stack Implementation.csproj", "{CC357B31-9F4C-449D-B945-37DC6D84F9EF}"
EndProject
Global
	GlobalSection(SolutionConfigurationPlatforms) = preSolution
		Debug|Any CPU = Debug|Any CPU
		Release|Any CPU = Release|Any CPU
	EndGlobalSection
	GlobalSection(ProjectConfigurationPlatforms) = postSolution
		{CC357B31-9F4C-449D-B945-37DC6D84F9EF}.Debug|Any CPU.ActiveCfg = Debug|Any CPU
		{CC357B31-9F4C-449D-B945-37DC6D84F9EF}.Debug|Any CPU.Build.0 = Debug|Any CPU
		{CC357B31-9F4C-449D-B945-37DC6D84F9EF}.Release|Any CPU.ActiveCfg = Release|Any CPU
		{CC357B31-9F4C-449D-B945-37DC6D84F9EF}.Release|Any CPU.Build.0 = Release|Any CPU
	EndGlobalSection
	GlobalSection(SolutionProperties) = preSolution
		HideSolutionNode = FALSE
	EndGlobalSection
	GlobalSection(ExtensibilityGlobals) = postSolution
		SolutionGuid = {0BD569BB-433A-4543-B7A3-59C756DE8DCD}
	EndGlobalSection
EndGlobal
